lockfileVersion: '9.0'

settings:
  autoInstallPeers: true
  excludeLinksFromLockfile: false

importers:

  .:
    dependencies:
      '@2toad/profanity':
        specifier: ^3.3.0
        version: 3.3.0
      '@types/sjcl':
        specifier: ^1.0.34
        version: 1.0.34

packages:

  '@2toad/profanity@3.3.0':
    resolution: {integrity: sha512-hBptHbB6Regs5AgtHiLr/WfgHRh6ZGdA9EexOWU14n2eNjQekvK9/gg18iFUYvL2WrNb4X3Ci0bzgzJXhzmpNQ==}
    engines: {node: '>=12'}

  '@types/sjcl@1.0.34':
    resolution: {integrity: sha512-bQHEeK5DTQRunIfQeUMgtpPsNNCcZyQ9MJuAfW1I7iN0LDunTc78Fu17STbLMd7KiEY/g2zHVApippa70h6HoQ==}

snapshots:

  '@2toad/profanity@3.3.0': {}

  '@types/sjcl@1.0.34': {}
